
Microsoft Visual Studio Solution File, Format Version 12.00
# Visual Studio 14
VisualStudioVersion = 14.0.24720.0
MinimumVisualStudioVersion = 10.0.40219.1
Project("{FAE04EC0-301F-11D3-BF4B-00C04F79EFBC}") = "PythonLoader", "PythonLoader\PythonLoader.csproj", "{ED30D29C-420F-4876-8B24-FF515C745195}"
EndProject
Project("{FAE04EC0-301F-11D3-BF4B-00C04F79EFBC}") = "EBPy", "EBPy\EBPy.csproj", "{8BC38665-7123-4A87-90F2-6128F7504317}"
EndProject
Global
	GlobalSection(SolutionConfigurationPlatforms) = preSolution
		Debug|Any CPU = Debug|Any CPU
		Release|Any CPU = Release|Any CPU
	EndGlobalSection
	GlobalSection(ProjectConfigurationPlatforms) = postSolution
		{ED30D29C-420F-4876-8B24-FF515C745195}.Debug|Any CPU.ActiveCfg = Debug|Any CPU
		{ED30D29C-420F-4876-8B24-FF515C745195}.Debug|Any CPU.Build.0 = Debug|Any CPU
		{ED30D29C-420F-4876-8B24-FF515C745195}.Release|Any CPU.ActiveCfg = Release|Any CPU
		{ED30D29C-420F-4876-8B24-FF515C745195}.Release|Any CPU.Build.0 = Release|Any CPU
		{8BC38665-7123-4A87-90F2-6128F7504317}.Debug|Any CPU.ActiveCfg = Debug|Any CPU
		{8BC38665-7123-4A87-90F2-6128F7504317}.Debug|Any CPU.Build.0 = Debug|Any CPU
		{8BC38665-7123-4A87-90F2-6128F7504317}.Release|Any CPU.ActiveCfg = Release|Any CPU
		{8BC38665-7123-4A87-90F2-6128F7504317}.Release|Any CPU.Build.0 = Release|Any CPU
	EndGlobalSection
	GlobalSection(SolutionProperties) = preSolution
		HideSolutionNode = FALSE
	EndGlobalSection
EndGlobal
