
Microsoft Visual Studio Solution File, Format Version 12.00
# Visual Studio 14
VisualStudioVersion = 14.0.23107.0
MinimumVisualStudioVersion = 10.0.40219.1
Project("{FAE04EC0-301F-11D3-BF4B-00C04F79EFBC}") = "EB Utilities", "EB Utilities\EB Utilities.csproj", "{B9AC6DA4-47A0-4045-B958-BC9DCC1BAC49}"
EndProject
Project("{FAE04EC0-301F-11D3-BF4B-00C04F79EFBC}") = "Emulator", "Emulator\Emulator.csproj", "{B56E4050-2970-4679-9B78-926C6CB56BA1}"
EndProject
Global
	GlobalSection(SolutionConfigurationPlatforms) = preSolution
		Debug|Any CPU = Debug|Any CPU
		Release|Any CPU = Release|Any CPU
	EndGlobalSection
	GlobalSection(ProjectConfigurationPlatforms) = postSolution
		{B9AC6DA4-47A0-4045-B958-BC9DCC1BAC49}.Debug|Any CPU.ActiveCfg = Debug|Any CPU
		{B9AC6DA4-47A0-4045-B958-BC9DCC1BAC49}.Debug|Any CPU.Build.0 = Debug|Any CPU
		{B9AC6DA4-47A0-4045-B958-BC9DCC1BAC49}.Release|Any CPU.ActiveCfg = Release|Any CPU
		{B9AC6DA4-47A0-4045-B958-BC9DCC1BAC49}.Release|Any CPU.Build.0 = Release|Any CPU
		{B56E4050-2970-4679-9B78-926C6CB56BA1}.Debug|Any CPU.ActiveCfg = Debug|Any CPU
		{B56E4050-2970-4679-9B78-926C6CB56BA1}.Debug|Any CPU.Build.0 = Debug|Any CPU
		{B56E4050-2970-4679-9B78-926C6CB56BA1}.Release|Any CPU.ActiveCfg = Release|Any CPU
		{B56E4050-2970-4679-9B78-926C6CB56BA1}.Release|Any CPU.Build.0 = Release|Any CPU
	EndGlobalSection
	GlobalSection(SolutionProperties) = preSolution
		HideSolutionNode = FALSE
	EndGlobalSection
EndGlobal
